Microsoft Visual Studio Solution File, Format Version 12.00
# Visual Studio Version 17
VisualStudioVersion = 17.5.2.0
MinimumVisualStudioVersion = 10.0.40219.1
Project("{2150E333-8FDC-42A3-9474-1A3956D46DE8}") = "packages", "packages", "{809F86A1-1C4C-B159-0CD4-DF9D33D876CE}"
EndProject
Project("{FAE04EC0-301F-11D3-BF4B-00C04F79EFBC}") = "Api", "packages\api\Api.csproj", "{600A623B-AE0F-A57F-3B60-D9B1F76B6C2F}"
EndProject
Project("{2150E333-8FDC-42A3-9474-1A3956D46DE8}") = "tests", "tests", "{6F985C61-8E12-4457-8214-0EA1A2F15E36}"
EndProject
Project("{FAE04EC0-301F-11D3-BF4B-00C04F79EFBC}") = "Api.Tests", "tests\Api.Tests\Api.Tests.csproj", "{4B2FFD1F-F9A0-4927-AE46-2228876E70D3}"
EndProject
Global
	GlobalSection(SolutionConfigurationPlatforms) = preSolution
		Debug|Any CPU = Debug|Any CPU
		Release|Any CPU = Release|Any CPU
	EndGlobalSection
	GlobalSection(ProjectConfigurationPlatforms) = postSolution
		{600A623B-AE0F-A57F-3B60-D9B1F76B6C2F}.Debug|Any CPU.ActiveCfg = Debug|Any CPU
		{600A623B-AE0F-A57F-3B60-D9B1F76B6C2F}.Debug|Any CPU.Build.0 = Debug|Any CPU
		{600A623B-AE0F-A57F-3B60-D9B1F76B6C2F}.Release|Any CPU.ActiveCfg = Release|Any CPU
		{600A623B-AE0F-A57F-3B60-D9B1F76B6C2F}.Release|Any CPU.Build.0 = Release|Any CPU
		{4B2FFD1F-F9A0-4927-AE46-2228876E70D3}.Debug|Any CPU.ActiveCfg = Debug|Any CPU
		{4B2FFD1F-F9A0-4927-AE46-2228876E70D3}.Debug|Any CPU.Build.0 = Debug|Any CPU
		{4B2FFD1F-F9A0-4927-AE46-2228876E70D3}.Release|Any CPU.ActiveCfg = Release|Any CPU
		{4B2FFD1F-F9A0-4927-AE46-2228876E70D3}.Release|Any CPU.Build.0 = Release|Any CPU
	EndGlobalSection
	GlobalSection(SolutionProperties) = preSolution
		HideSolutionNode = FALSE
	EndGlobalSection
	GlobalSection(NestedProjects) = preSolution
		{600A623B-AE0F-A57F-3B60-D9B1F76B6C2F} = {809F86A1-1C4C-B159-0CD4-DF9D33D876CE}
		{4B2FFD1F-F9A0-4927-AE46-2228876E70D3} = {6F985C61-8E12-4457-8214-0EA1A2F15E36}
	EndGlobalSection
	GlobalSection(ExtensibilityGlobals) = postSolution
		SolutionGuid = {219CE63B-3C1E-4410-B012-C84E92F78331}
	EndGlobalSection
EndGlobal
